
Microsoft Visual Studio Solution File, Format Version 12.00
# Visual Studio Version 17
VisualStudioVersion = 17.2.32526.322
MinimumVisualStudioVersion = 10.0.40219.1
Project("{F184B08F-C81C-45F6-A57F-5ABD9991F28F}") = "DadsParts", "DadsParts.vbproj", "{9F8C72C7-4BCE-477D-996F-13C631E6CE65}"
EndProject
Global
	GlobalSection(SolutionConfigurationPlatforms) = preSolution
		Debug|Any CPU = Debug|Any CPU
		Release|Any CPU = Release|Any CPU
	EndGlobalSection
	GlobalSection(ProjectConfigurationPlatforms) = postSolution
		{9F8C72C7-4BCE-477D-996F-13C631E6CE65}.Debug|Any CPU.ActiveCfg = Debug|Any CPU
		{9F8C72C7-4BCE-477D-996F-13C631E6CE65}.Debug|Any CPU.Build.0 = Debug|Any CPU
		{9F8C72C7-4BCE-477D-996F-13C631E6CE65}.Release|Any CPU.ActiveCfg = Release|Any CPU
		{9F8C72C7-4BCE-477D-996F-13C631E6CE65}.Release|Any CPU.Build.0 = Release|Any CPU
	EndGlobalSection
	GlobalSection(SolutionProperties) = preSolution
		HideSolutionNode = FALSE
	EndGlobalSection
	GlobalSection(ExtensibilityGlobals) = postSolution
		SolutionGuid = {4CD4E1D6-E032-4EA0-B707-2339FC981707}
	EndGlobalSection
EndGlobal
